github.com/go-sql-driver/mysql v1.6.0 h1:BCTh4TKNUYmOmMUcQ3IipzF5prigylS7XXjEkfCHuOE=
github.com/go-sql-driver/mysql v1.6.0/go.mod h1:DCzpHaOWr8IXmIStZouvnhqoel9Qv2LBy8hT2VhHyBg=
github.com/h4ckitt/goTelegram v0.0.8-beta h1:AwF8yrvwOKXANN8PIGn/s+W8r/sLOMJSf3ZauhH1U+8=
github.com/h4ckitt/goTelegram v0.0.8-beta/go.mod h1:VWoy3i3S9FfgXKua9WOWewZM5GHa48WVAr5WXC8iefw=
github.com/joho/godotenv v1.4.0 h1:3l4+N6zfMWnkbPEXKng2o2/MR5mSwTrBih4ZEkkz1lg=
github.com/joho/godotenv v1.4.0/go.mod h1:f4LDr5Voq0i2e/R5DDNOoa2zzDfwtkZa6DnEwAbqwq4=
